
Microsoft Visual Studio Solution File, Format Version 12.00
# Visual Studio Version 17
VisualStudioVersion = 17.0.32014.148
MinimumVisualStudioVersion = 10.0.40219.1
Project("{FAE04EC0-301F-11D3-BF4B-00C04F79EFBC}") = "IniFileManager.Core", "Module.IniFileManager\IniFileManager.Core.csproj", "{032BE5F4-4109-42E9-B4B7-E4EF0EDFB732}"
EndProject
Project("{FAE04EC0-301F-11D3-BF4B-00C04F79EFBC}") = "IniFile.Models", "IniFile.Models\IniFile.Models.csproj", "{3DEA2038-D378-4EEB-BE6C-05F1BED6C565}"
EndProject
Project("{FAE04EC0-301F-11D3-BF4B-00C04F79EFBC}") = "IniFile.Tester", "IniFile.Test\IniFile.Tester.csproj", "{87F69968-4869-48F7-AB50-8EEBE5C74089}"
EndProject
Global
	GlobalSection(SolutionConfigurationPlatforms) = preSolution
		Debug|Any CPU = Debug|Any CPU
		Release|Any CPU = Release|Any CPU
	EndGlobalSection
	GlobalSection(ProjectConfigurationPlatforms) = postSolution
		{032BE5F4-4109-42E9-B4B7-E4EF0EDFB732}.Debug|Any CPU.ActiveCfg = Debug|Any CPU
		{032BE5F4-4109-42E9-B4B7-E4EF0EDFB732}.Debug|Any CPU.Build.0 = Debug|Any CPU
		{032BE5F4-4109-42E9-B4B7-E4EF0EDFB732}.Release|Any CPU.ActiveCfg = Release|Any CPU
		{032BE5F4-4109-42E9-B4B7-E4EF0EDFB732}.Release|Any CPU.Build.0 = Release|Any CPU
		{3DEA2038-D378-4EEB-BE6C-05F1BED6C565}.Debug|Any CPU.ActiveCfg = Debug|Any CPU
		{3DEA2038-D378-4EEB-BE6C-05F1BED6C565}.Debug|Any CPU.Build.0 = Debug|Any CPU
		{3DEA2038-D378-4EEB-BE6C-05F1BED6C565}.Release|Any CPU.ActiveCfg = Release|Any CPU
		{3DEA2038-D378-4EEB-BE6C-05F1BED6C565}.Release|Any CPU.Build.0 = Release|Any CPU
		{87F69968-4869-48F7-AB50-8EEBE5C74089}.Debug|Any CPU.ActiveCfg = Debug|Any CPU
		{87F69968-4869-48F7-AB50-8EEBE5C74089}.Debug|Any CPU.Build.0 = Debug|Any CPU
		{87F69968-4869-48F7-AB50-8EEBE5C74089}.Release|Any CPU.ActiveCfg = Release|Any CPU
		{87F69968-4869-48F7-AB50-8EEBE5C74089}.Release|Any CPU.Build.0 = Release|Any CPU
	EndGlobalSection
	GlobalSection(SolutionProperties) = preSolution
		HideSolutionNode = FALSE
	EndGlobalSection
	GlobalSection(ExtensibilityGlobals) = postSolution
		SolutionGuid = {B1CABF95-4FB1-4E2E-9D5F-1F84BCB7542D}
	EndGlobalSection
EndGlobal
